// !$*UTF8*$!
{
	archiveVersion = 1;
	classes = {
	};
	objectVersion = 56;
	objects = {

/* Begin PBXBuildFile section */
		BF89E0472B29811E00499A2B /* tempViewController.swift in Sources */ = {isa = PBXBuildFile; fileRef = BF89E0462B29811E00499A2B /* tempViewController.swift */; };
		BFC4D71B2AE5817A0019852A /* AppDelegate.swift in Sources */ = {isa = PBXBuildFile; fileRef = BFC4D71A2AE5817A0019852A /* AppDelegate.swift */; };
		BFC4D71D2AE5817A0019852A /* SceneDelegate.swift in Sources */ = {isa = PBXBuildFile; fileRef = BFC4D71C2AE5817A0019852A /* SceneDelegate.swift */; };
		BFC4D71F2AE5817A0019852A /* ViewController.swift in Sources */ = {isa = PBXBuildFile; fileRef = BFC4D71E2AE5817A0019852A /* ViewController.swift */; };
		BFC4D7222AE5817A0019852A /* Main.storyboard in Resources */ = {isa = PBXBuildFile; fileRef = BFC4D7202AE5817A0019852A /* Main.storyboard */; };
		BFC4D7242AE5817B0019852A /* Assets.xcassets in Resources */ = {isa = PBXBuildFile; fileRef = BFC4D7232AE5817B0019852A /* Assets.xcassets */; };
		BFC4D7272AE5817B0019852A /* LaunchScreen.storyboard in Resources */ = {isa = PBXBuildFile; fileRef = BFC4D7252AE5817B0019852A /* LaunchScreen.storyboard */; };
		BFC4D7312AE58B760019852A /* lamp-off.png in Resources */ = {isa = PBXBuildFile; fileRef = BFC4D72E2AE58B760019852A /* lamp-off.png */; };
		BFC4D7322AE58B760019852A /* lamp-on.png in Resources */ = {isa = PBXBuildFile; fileRef = BFC4D72F2AE58B760019852A /* lamp-on.png */; };
		BFC4D7332AE58B760019852A /* lamp-remove.png in Resources */ = {isa = PBXBuildFile; fileRef = BFC4D7302AE58B760019852A /* lamp-remove.png */; };
/* End PBXBuildFile section */

/* Begin PBXFileReference section */
		BF89E0462B29811E00499A2B /* tempViewController.swift */ = {isa = PBXFileReference; lastKnownFileType = sourcecode.swift; path = tempViewController.swift; sourceTree = "<group>"; };
		BFC4D7172AE5817A0019852A /* Alert.app */ = {isa = PBXFileReference; explicitFileType = wrapper.application; includeInIndex = 0; path = Alert.app; sourceTree = BUILT_PRODUCTS_DIR; };
		BFC4D71A2AE5817A0019852A /* AppDelegate.swift */ = {isa = PBXFileReference; lastKnownFileType = sourcecode.swift; path = AppDelegate.swift; sourceTree = "<group>"; };
		BFC4D71C2AE5817A0019852A /* SceneDelegate.swift */ = {isa = PBXFileReference; lastKnownFileType = sourcecode.swift; path = SceneDelegate.swift; sourceTree = "<group>"; };
		BFC4D71E2AE5817A0019852A /* ViewController.swift */ = {isa = PBXFileReference; lastKnownFileType = sourcecode.swift; path = ViewController.swift; sourceTree = "<group>"; };
		BFC4D7212AE5817A0019852A /* Base */ = {isa = PBXFileReference; lastKnownFileType = file.storyboard; name = Base; path = Base.lproj/Main.storyboard; sourceTree = "<group>"; };
		BFC4D7232AE5817B0019852A /* Assets.xcassets */ = {isa = PBXFileReference; lastKnownFileType = folder.assetcatalog; path = Assets.xcassets; sourceTree = "<group>"; };
		BFC4D7262AE5817B0019852A /* Base */ = {isa = PBXFileReference; lastKnownFileType = file.storyboard; name = Base; path = Base.lproj/LaunchScreen.storyboard; sourceTree = "<group>"; };
		BFC4D7282AE5817B0019852A /* Info.plist */ = {isa = PBXFileReference; lastKnownFileType = text.plist.xml; path = Info.plist; sourceTree = "<group>"; };
		BFC4D72E2AE58B760019852A /* lamp-off.png */ = {isa = PBXFileReference; lastKnownFileType = image.png; name = "lamp-off.png"; path = "../../example-master/06장/본문실습이미지/lamp-off.png"; sourceTree = "<group>"; };
		BFC4D72F2AE58B760019852A /* lamp-on.png */ = {isa = PBXFileReference; lastKnownFileType = image.png; name = "lamp-on.png"; path = "../../example-master/06장/본문실습이미지/lamp-on.png"; sourceTree = "<group>"; };
		BFC4D7302AE58B760019852A /* lamp-remove.png */ = {isa = PBXFileReference; lastKnownFileType = image.png; name = "lamp-remove.png"; path = "../../example-master/06장/본문실습이미지/lamp-remove.png"; sourceTree = "<group>"; };
/* End PBXFileReference section */

/* Begin PBXFrameworksBuildPhase section */
		BFC4D7142AE5817A0019852A /* Frameworks */ = {
			isa = PBXFrameworksBuildPhase;
			buildActionMask = 2147483647;
			files = (
			);
			runOnlyForDeploymentPostprocessing = 0;
		};
/* End PBXFrameworksBuildPhase section */

/* Begin PBXGroup section */
		BFC4D70E2AE5817A0019852A = {
			isa = PBXGroup;
			children = (
				BFC4D7192AE5817A0019852A /* Alert */,
				BFC4D7182AE5817A0019852A /* Products */,
			);
			sourceTree = "<group>";
		};
		BFC4D7182AE5817A0019852A /* Products */ = {
			isa = PBXGroup;
			children = (
				BFC4D7172AE5817A0019852A /* Alert.app */,
			);
			name = Products;
			sourceTree = "<group>";
		};
		BFC4D7192AE5817A0019852A /* Alert */ = {
			isa = PBXGroup;
			children = (
				BFC4D72E2AE58B760019852A /* lamp-off.png */,
				BFC4D72F2AE58B760019852A /* lamp-on.png */,
				BFC4D7302AE58B760019852A /* lamp-remove.png */,
				BFC4D71A2AE5817A0019852A /* AppDelegate.swift */,
				BFC4D71C2AE5817A0019852A /* SceneDelegate.swift */,
				BFC4D71E2AE5817A0019852A /* ViewController.swift */,
				BF89E0462B29811E00499A2B /* tempViewController.swift */,
				BFC4D7202AE5817A0019852A /* Main.storyboard */,
				BFC4D7232AE5817B0019852A /* Assets.xcassets */,
				BFC4D7252AE5817B0019852A /* LaunchScreen.storyboard */,
				BFC4D7282AE5817B0019852A /* Info.plist */,
			);
			path = Alert;
			sourceTree = "<group>";
		};
/* End PBXGroup section */

/* Begin PBXNativeTarget section */
		BFC4D7162AE5817A0019852A /* Alert */ = {
			isa = PBXNativeTarget;
			buildConfigurationList = BFC4D72B2AE5817B0019852A /* Build configuration list for PBXNativeTarget "Alert" */;
			buildPhases = (
				BFC4D7132AE5817A0019852A /* Sources */,
				BFC4D7142AE5817A0019852A /* Frameworks */,
				BFC4D7152AE5817A0019852A /* Resources */,
			);
			buildRules = (
			);
			dependencies = (
			);
			name = Alert;
			productName = Alert;
			productReference = BFC4D7172AE5817A0019852A /* Alert.app */;
			productType = "com.apple.product-type.application";
		};
/* End PBXNativeTarget section */

/* Begin PBXProject section */
		BFC4D70F2AE5817A0019852A /* Project object */ = {
			isa = PBXProject;
			attributes = {
				BuildIndependentTargetsInParallel = 1;
				LastSwiftUpdateCheck = 1500;
				LastUpgradeCheck = 1500;
				TargetAttributes = {
					BFC4D7162AE5817A0019852A = {
						CreatedOnToolsVersion = 15.0.1;
					};
				};
			};
			buildConfigurationList = BFC4D7122AE5817A0019852A /* Build configuration list for PBXProject "Alert" */;
			compatibilityVersion = "Xcode 14.0";
			developmentRegion = en;
			hasScannedForEncodings = 0;
			knownRegions = (
				en,
				Base,
			);
			mainGroup = BFC4D70E2AE5817A0019852A;
			productRefGroup = BFC4D7182AE5817A0019852A /* Products */;
			projectDirPath = "";
			projectRoot = "";
			targets = (
				BFC4D7162AE5817A0019852A /* Alert */,
			);
		};
/* End PBXProject section */

/* Begin PBXResourcesBuildPhase section */
		BFC4D7152AE5817A0019852A /* Resources */ = {
			isa = PBXResourcesBuildPhase;
			buildActionMask = 2147483647;
			files = (
				BFC4D7272AE5817B0019852A /* LaunchScreen.storyboard in Resources */,
				BFC4D7332AE58B760019852A /* lamp-remove.png in Resources */,
				BFC4D7312AE58B760019852A /* lamp-off.png in Resources */,
				BFC4D7242AE5817B0019852A /* Assets.xcassets in Resources */,
				BFC4D7222AE5817A0019852A /* Main.storyboard in Resources */,
				BFC4D7322AE58B760019852A /* lamp-on.png in Resources */,
			);
			runOnlyForDeploymentPostprocessing = 0;
		};
/* End PBXResourcesBuildPhase section */

/* Begin PBXSourcesBuildPhase section */
		BFC4D7132AE5817A0019852A /* Sources */ = {
			isa = PBXSourcesBuildPhase;
			buildActionMask = 2147483647;
			files = (
				BF89E0472B29811E00499A2B /* tempViewController.swift in Sources */,
				BFC4D71F2AE5817A0019852A /* ViewController.swift in Sources */,
				BFC4D71B2AE5817A0019852A /* AppDelegate.swift in Sources */,
				BFC4D71D2AE5817A0019852A /* SceneDelegate.swift in Sources */,
			);
			runOnlyForDeploymentPostprocessing = 0;
		};
/* End PBXSourcesBuildPhase section */

/* Begin PBXVariantGroup section */
		BFC4D7202AE5817A0019852A /* Main.storyboard */ = {
			isa = PBXVariantGroup;
			children = (
				BFC4D7212AE5817A0019852A /* Base */,
			);
			name = Main.storyboard;
			sourceTree = "<group>";
		};
		BFC4D7252AE5817B0019852A /* LaunchScreen.storyboard */ = {
			isa = PBXVariantGroup;
			children = (
				BFC4D7262AE5817B0019852A /* Base */,
			);
			name = LaunchScreen.storyboard;
			sourceTree = "<group>";
		};
/* End PBXVariantGroup section */

/* Begin XCBuildConfiguration section */
		BFC4D7292AE5817B0019852A /* Debug */ = {
			isa = XCBuildConfiguration;
			buildSettings = {
				ALWAYS_SEARCH_USER_PATHS = NO;
				ASSETCATALOG_COMPILER_GENERATE_SWIFT_ASSET_SYMBOL_EXTENSIONS = YES;
				CLANG_ANALYZER_NONNULL = YES;
				CLANG_ANALYZER_NUMBER_OBJECT_CONVERSION = YES_AGGRESSIVE;
				CLANG_CXX_LANGUAGE_STANDARD = "gnu++20";
				CLANG_ENABLE_MODULES = YES;
				CLANG_ENABLE_OBJC_ARC = YES;
				CLANG_ENABLE_OBJC_WEAK = YES;
				CLANG_WARN_BLOCK_CAPTURE_AUTORELEASING = YES;
				CLANG_WARN_BOOL_CONVERSION = YES;
				CLANG_WARN_COMMA = YES;
				CLANG_WARN_CONSTANT_CONVERSION = YES;
				CLANG_WARN_DEPRECATED_OBJC_IMPLEMENTATIONS = YES;
				CLANG_WARN_DIRECT_OBJC_ISA_USAGE = YES_ERROR;
				CLANG_WARN_DOCUMENTATION_COMMENTS = YES;
				CLANG_WARN_EMPTY_BODY = YES;
				CLANG_WARN_ENUM_CONVERSION = YES;
				CLANG_WARN_INFINITE_RECURSION = YES;
				CLANG_WARN_INT_CONVERSION = YES;
				CLANG_WARN_NON_LITERAL_NULL_CONVERSION = YES;
				CLANG_WARN_OBJC_IMPLICIT_RETAIN_SELF = YES;
				CLANG_WARN_OBJC_LITERAL_CONVERSION = YES;
				CLANG_WARN_OBJC_ROOT_CLASS = YES_ERROR;
				CLANG_WARN_QUOTED_INCLUDE_IN_FRAMEWORK_HEADER = YES;
				CLANG_WARN_RANGE_LOOP_ANALYSIS = YES;
				CLANG_WARN_STRICT_PROTOTYPES = YES;
				CLANG_WARN_SUSPICIOUS_MOVE = YES;
				CLANG_WARN_UNGUARDED_AVAILABILITY = YES_AGGRESSIVE;
				CLANG_WARN_UNREACHABLE_CODE = YES;
				CLANG_WARN__DUPLICATE_METHOD_MATCH = YES;
				COPY_PHASE_STRIP = NO;
				DEBUG_INFORMATION_FORMAT = dwarf;
				ENABLE_STRICT_OBJC_MSGSEND = YES;
				ENABLE_TESTABILITY = YES;
				ENABLE_USER_SCRIPT_SANDBOXING = YES;
				GCC_C_LANGUAGE_STANDARD = gnu17;
				GCC_DYNAMIC_NO_PIC = NO;
				GCC_NO_COMMON_BLOCKS = YES;
				GCC_OPTIMIZATION_LEVEL = 0;
				GCC_PREPROCESSOR_DEFINITIONS = (
					"DEBUG=1",
					"$(inherited)",
				);
				GCC_WARN_64_TO_32_BIT_CONVERSION = YES;
				GCC_WARN_ABOUT_RETURN_TYPE = YES_ERROR;
				GCC_WARN_UNDECLARED_SELECTOR = YES;
				GCC_WARN_UNINITIALIZED_AUTOS = YES_AGGRESSIVE;
				GCC_WARN_UNUSED_FUNCTION = YES;
				GCC_WARN_UNUSED_VARIABLE = YES;
				IPHONEOS_DEPLOYMENT_TARGET = 17.0;
				LOCALIZATION_PREFERS_STRING_CATALOGS = YES;
				MTL_ENABLE_DEBUG_INFO = INCLUDE_SOURCE;
				MTL_FAST_MATH = YES;
				ONLY_ACTIVE_ARCH = YES;
				SDKROOT = iphoneos;
				SWIFT_ACTIVE_COMPILATION_CONDITIONS = "DEBUG $(inherited)";
				SWIFT_OPTIMIZATION_LEVEL = "-Onone";
			};
			name = Debug;
		};
		BFC4D72A2AE5817B0019852A /* Release */ = {
			isa = XCBuildConfiguration;
			buildSettings = {
				ALWAYS_SEARCH_USER_PATHS = NO;
				ASSETCATALOG_COMPILER_GENERATE_SWIFT_ASSET_SYMBOL_EXTENSIONS = YES;
				CLANG_ANALYZER_NONNULL = YES;
				CLANG_ANALYZER_NUMBER_OBJECT_CONVERSION = YES_AGGRESSIVE;
				CLANG_CXX_LANGUAGE_STANDARD = "gnu++20";
				CLANG_ENABLE_MODULES = YES;
				CLANG_ENABLE_OBJC_ARC = YES;
				CLANG_ENABLE_OBJC_WEAK = YES;
				CLANG_WARN_BLOCK_CAPTURE_AUTORELEASING = YES;
				CLANG_WARN_BOOL_CONVERSION = YES;
				CLANG_WARN_COMMA = YES;
				CLANG_WARN_CONSTANT_CONVERSION = YES;
				CLANG_WARN_DEPRECATED_OBJC_IMPLEMENTATIONS = YES;
				CLANG_WARN_DIRECT_OBJC_ISA_USAGE = YES_ERROR;
				CLANG_WARN_DOCUMENTATION_COMMENTS = YES;
				CLANG_WARN_EMPTY_BODY = YES;
				CLANG_WARN_ENUM_CONVERSION = YES;
				CLANG_WARN_INFINITE_RECURSION = YES;
				CLANG_WARN_INT_CONVERSION = YES;
				CLANG_WARN_NON_LITERAL_NULL_CONVERSION = YES;
				CLANG_WARN_OBJC_IMPLICIT_RETAIN_SELF = YES;
				CLANG_WARN_OBJC_LITERAL_CONVERSION = YES;
				CLANG_WARN_OBJC_ROOT_CLASS = YES_ERROR;
				CLANG_WARN_QUOTED_INCLUDE_IN_FRAMEWORK_HEADER = YES;
				CLANG_WARN_RANGE_LOOP_ANALYSIS = YES;
				CLANG_WARN_STRICT_PROTOTYPES = YES;
				CLANG_WARN_SUSPICIOUS_MOVE = YES;
				CLANG_WARN_UNGUARDED_AVAILABILITY = YES_AGGRESSIVE;
				CLANG_WARN_UNREACHABLE_CODE = YES;
				CLANG_WARN__DUPLICATE_METHOD_MATCH = YES;
				COPY_PHASE_STRIP = NO;
				DEBUG_INFORMATION_FORMAT = "dwarf-with-dsym";
				ENABLE_NS_ASSERTIONS = NO;
				ENABLE_STRICT_OBJC_MSGSEND = YES;
				ENABLE_USER_SCRIPT_SANDBOXING = YES;
				GCC_C_LANGUAGE_STANDARD = gnu17;
				GCC_NO_COMMON_BLOCKS = YES;
				GCC_WARN_64_TO_32_BIT_CONVERSION = YES;
				GCC_WARN_ABOUT_RETURN_TYPE = YES_ERROR;
				GCC_WARN_UNDECLARED_SELECTOR = YES;
				GCC_WARN_UNINITIALIZED_AUTOS = YES_AGGRESSIVE;
				GCC_WARN_UNUSED_FUNCTION = YES;
				GCC_WARN_UNUSED_VARIABLE = YES;
				IPHONEOS_DEPLOYMENT_TARGET = 17.0;
				LOCALIZATION_PREFERS_STRING_CATALOGS = YES;
				MTL_ENABLE_DEBUG_INFO = NO;
				MTL_FAST_MATH = YES;
				SDKROOT = iphoneos;
				SWIFT_COMPILATION_MODE = wholemodule;
				VALIDATE_PRODUCT = YES;
			};
			name = Release;
		};
		BFC4D72C2AE5817B0019852A /* Debug */ = {
			isa = XCBuildConfiguration;
			buildSettings = {
				ASSETCATALOG_COMPILER_APPICON_NAME = AppIcon;
				ASSETCATALOG_COMPILER_GLOBAL_ACCENT_COLOR_NAME = AccentColor;
				CODE_SIGN_STYLE = Automatic;
				CURRENT_PROJECT_VERSION = 1;
				GENERATE_INFOPLIST_FILE = YES;
				INFOPLIST_FILE = Alert/Info.plist;
				INFOPLIST_KEY_UIApplicationSupportsIndirectInputEvents = YES;
				INFOPLIST_KEY_UILaunchStoryboardName = LaunchScreen;
				INFOPLIST_KEY_UIMainStoryboardFile = Main;
				INFOPLIST_KEY_UISupportedInterfaceOrientations_iPad = "UIInterfaceOrientationPortrait UIInterfaceOrientationPortraitUpsideDown UIInterfaceOrientationLandscapeLeft UIInterfaceOrientationLandscapeRight";
				INFOPLIST_KEY_UISupportedInterfaceOrientations_iPhone = "UIInterfaceOrientationPortrait UIInterfaceOrientationLandscapeLeft UIInterfaceOrientationLandscapeRight";
				LD_RUNPATH_SEARCH_PATHS = (
					"$(inherited)",
					"@executable_path/Frameworks",
				);
				MARKETING_VERSION = 1.0;
				PRODUCT_BUNDLE_IDENTIFIER = net.jypark.Alert;
				PRODUCT_NAME = "$(TARGET_NAME)";
				SWIFT_EMIT_LOC_STRINGS = YES;
				SWIFT_VERSION = 5.0;
				TARGETED_DEVICE_FAMILY = "1,2";
			};
			name = Debug;
		};
		BFC4D72D2AE5817B0019852A /* Release */ = {
			isa = XCBuildConfiguration;
			buildSettings = {
				ASSETCATALOG_COMPILER_APPICON_NAME = AppIcon;
				ASSETCATALOG_COMPILER_GLOBAL_ACCENT_COLOR_NAME = AccentColor;
				CODE_SIGN_STYLE = Automatic;
				CURRENT_PROJECT_VERSION = 1;
				GENERATE_INFOPLIST_FILE = YES;
				INFOPLIST_FILE = Alert/Info.plist;
				INFOPLIST_KEY_UIApplicationSupportsIndirectInputEvents = YES;
				INFOPLIST_KEY_UILaunchStoryboardName = LaunchScreen;
				INFOPLIST_KEY_UIMainStoryboardFile = Main;
				INFOPLIST_KEY_UISupportedInterfaceOrientations_iPad = "UIInterfaceOrientationPortrait UIInterfaceOrientationPortraitUpsideDown UIInterfaceOrientationLandscapeLeft UIInterfaceOrientationLandscapeRight";
				INFOPLIST_KEY_UISupportedInterfaceOrientations_iPhone = "UIInterfaceOrientationPortrait UIInterfaceOrientationLandscapeLeft UIInterfaceOrientationLandscapeRight";
				LD_RUNPATH_SEARCH_PATHS = (
					"$(inherited)",
					"@executable_path/Frameworks",
				);
				MARKETING_VERSION = 1.0;
				PRODUCT_BUNDLE_IDENTIFIER = net.jypark.Alert;
				PRODUCT_NAME = "$(TARGET_NAME)";
				SWIFT_EMIT_LOC_STRINGS = YES;
				SWIFT_VERSION = 5.0;
				TARGETED_DEVICE_FAMILY = "1,2";
			};
			name = Release;
		};
/* End XCBuildConfiguration section */

/* Begin XCConfigurationList section */
		BFC4D7122AE5817A0019852A /* Build configuration list for PBXProject "Alert" */ = {
			isa = XCConfigurationList;
			buildConfigurations = (
				BFC4D7292AE5817B0019852A /* Debug */,
				BFC4D72A2AE5817B0019852A /* Release */,
			);
			defaultConfigurationIsVisible = 0;
			defaultConfigurationName = Release;
		};
		BFC4D72B2AE5817B0019852A /* Build configuration list for PBXNativeTarget "Alert" */ = {
			isa = XCConfigurationList;
			buildConfigurations = (
				BFC4D72C2AE5817B0019852A /* Debug */,
				BFC4D72D2AE5817B0019852A /* Release */,
			);
			defaultConfigurationIsVisible = 0;
			defaultConfigurationName = Release;
		};
/* End XCConfigurationList section */
	};
	rootObject = BFC4D70F2AE5817A0019852A /* Project object */;
}
